
Microsoft Visual Studio Solution File, Format Version 12.00
# Visual Studio 2017
Project("{FAE04EC0-301F-11D3-BF4B-00C04F79EFBC}") = "TubingGame", "TubingGame.csproj", "{1F79CD4F-9DA7-8C8A-0C44-5B8885178304}"
EndProject
Project("{FAE04EC0-301F-11D3-BF4B-00C04F79EFBC}") = "TubingGame.Editor", "TubingGame.Editor.csproj", "{9C38BEAD-338C-CD62-D69E-7A1CAD6626D7}"
EndProject
Global
	GlobalSection(SolutionConfigurationPlatforms) = preSolution
		Debug|Any CPU = Debug|Any CPU
		Release|Any CPU = Release|Any CPU
	EndGlobalSection
	GlobalSection(ProjectConfigurationPlatforms) = postSolution
		{1F79CD4F-9DA7-8C8A-0C44-5B8885178304}.Debug|Any CPU.ActiveCfg = Debug|Any CPU
		{1F79CD4F-9DA7-8C8A-0C44-5B8885178304}.Debug|Any CPU.Build.0 = Debug|Any CPU
		{1F79CD4F-9DA7-8C8A-0C44-5B8885178304}.Release|Any CPU.ActiveCfg = Release|Any CPU
		{1F79CD4F-9DA7-8C8A-0C44-5B8885178304}.Release|Any CPU.Build.0 = Release|Any CPU
		{9C38BEAD-338C-CD62-D69E-7A1CAD6626D7}.Debug|Any CPU.ActiveCfg = Debug|Any CPU
		{9C38BEAD-338C-CD62-D69E-7A1CAD6626D7}.Debug|Any CPU.Build.0 = Debug|Any CPU
		{9C38BEAD-338C-CD62-D69E-7A1CAD6626D7}.Release|Any CPU.ActiveCfg = Release|Any CPU
		{9C38BEAD-338C-CD62-D69E-7A1CAD6626D7}.Release|Any CPU.Build.0 = Release|Any CPU
	EndGlobalSection
	GlobalSection(SolutionProperties) = preSolution
		HideSolutionNode = FALSE
	EndGlobalSection
EndGlobal
